Microsoft Visual Studio Solution File, Format Version 11.00
# Visual Studio 2008

Project("{DD1CA497-1F9F-6F03-FF48-D583E4E0059C}") = "TzProject", "Assembly-CSharp.csproj", "{11A5C517-27E6-1F03-AF89-BAF1FDA281E3}"
EndProject
Project("{DD1CA497-1F9F-6F03-FF48-D583E4E0059C}") = "TzProject", "Assembly-CSharp-Editor.csproj", "{FF409C19-B627-42F0-292D-F5F62CDAA485}"
EndProject
Global
	GlobalSection(SolutionConfigurationPlatforms) = preSolution
		Debug|Any CPU = Debug|Any CPU
		Release|Any CPU = Release|Any CPU
	EndGlobalSection
	GlobalSection(ProjectConfigurationPlatforms) = postSolution
		{11A5C517-27E6-1F03-AF89-BAF1FDA281E3}.Debug|Any CPU.ActiveCfg = Debug|Any CPU
		{11A5C517-27E6-1F03-AF89-BAF1FDA281E3}.Debug|Any CPU.Build.0 = Debug|Any CPU
		{11A5C517-27E6-1F03-AF89-BAF1FDA281E3}.Release|Any CPU.ActiveCfg = Release|Any CPU
		{11A5C517-27E6-1F03-AF89-BAF1FDA281E3}.Release|Any CPU.Build.0 = Release|Any CPU
		{FF409C19-B627-42F0-292D-F5F62CDAA485}.Debug|Any CPU.ActiveCfg = Debug|Any CPU
		{FF409C19-B627-42F0-292D-F5F62CDAA485}.Debug|Any CPU.Build.0 = Debug|Any CPU
		{FF409C19-B627-42F0-292D-F5F62CDAA485}.Release|Any CPU.ActiveCfg = Release|Any CPU
		{FF409C19-B627-42F0-292D-F5F62CDAA485}.Release|Any CPU.Build.0 = Release|Any CPU
	EndGlobalSection
	GlobalSection(SolutionProperties) = preSolution
		HideSolutionNode = FALSE
	EndGlobalSection
																																																																																																																																									GlobalSection(MonoDevelopProperties) = preSolution
		StartupItem = Assembly-CSharp.csproj
		Policies = $0
		$0.TextStylePolicy = $1
		$1.inheritsSet = null
		$1.scope = text/x-csharp
		$0.CSharpFormattingPolicy = $2
		$2.inheritsSet = Mono
		$2.inheritsScope = text/x-csharp
		$2.scope = text/x-csharp
		$0.TextStylePolicy = $3
		$3.FileWidth = 120
		$3.TabWidth = 4
		$3.IndentWidth = 4
		$3.EolMarker = Unix
		$3.inheritsSet = Mono
		$3.inheritsScope = text/plain
		$3.scope = text/plain
	EndGlobalSection
EndGlobal
